
Microsoft Visual Studio Solution File, Format Version 12.00
# Visual Studio 15
VisualStudioVersion = 15.0.27130.2020
MinimumVisualStudioVersion = 10.0.40219.1
Project("{FAE04EC0-301F-11D3-BF4B-00C04F79EFBC}") = "CicloForConsole", "CicloForConsole\CicloForConsole.csproj", "{7E432AC0-2C2D-4C36-B2C0-3B5DB1D736B3}"
EndProject
Global
	GlobalSection(SolutionConfigurationPlatforms) = preSolution
		Debug|Any CPU = Debug|Any CPU
		Release|Any CPU = Release|Any CPU
	EndGlobalSection
	GlobalSection(ProjectConfigurationPlatforms) = postSolution
		{7E432AC0-2C2D-4C36-B2C0-3B5DB1D736B3}.Debug|Any CPU.ActiveCfg = Debug|Any CPU
		{7E432AC0-2C2D-4C36-B2C0-3B5DB1D736B3}.Debug|Any CPU.Build.0 = Debug|Any CPU
		{7E432AC0-2C2D-4C36-B2C0-3B5DB1D736B3}.Release|Any CPU.ActiveCfg = Release|Any CPU
		{7E432AC0-2C2D-4C36-B2C0-3B5DB1D736B3}.Release|Any CPU.Build.0 = Release|Any CPU
	EndGlobalSection
	GlobalSection(SolutionProperties) = preSolution
		HideSolutionNode = FALSE
	EndGlobalSection
	GlobalSection(ExtensibilityGlobals) = postSolution
		SolutionGuid = {75DDAF6F-E7D9-4866-99AA-0C17D288A46E}
	EndGlobalSection
EndGlobal
